# generated by rye
# use `rye lock` or `rye sync` to update this lockfile
#
# last locked with the following flags:
#   pre: false
#   features: []
#   all-features: false
#   with-sources: false
#   generate-hashes: false
#   universal: false

-e file:.
astroid==3.2.4
    # via pylint
circuitpython-stubs==9.1.1
    # via mcp23017
dill==0.3.8
    # via pylint
isort==5.13.2
    # via pylint
mccabe==0.7.0
    # via pylint
platformdirs==4.2.2
    # via pylint
pylint==3.2.6
tomlkit==0.13.2
    # via pylint
